
Microsoft Visual Studio Solution File, Format Version 12.00
# Visual Studio Version 17
VisualStudioVersion = 17.12.35527.113 d17.12
MinimumVisualStudioVersion = 10.0.40219.1
Project("{FAE04EC0-301F-11D3-BF4B-00C04F79EFBC}") = "Project1_Rahimzoda_Faridun_var15", "Project1_Rahimzoda_Faridun_var15\Project1_Rahimzoda_Faridun_var15.csproj", "{A7669C86-4818-4C22-B425-DBB29FDD5E83}"
EndProject
Project("{FAE04EC0-301F-11D3-BF4B-00C04F79EFBC}") = "ClassLibrary", "ClassLibrary\ClassLibrary.csproj", "{B93D768C-75C4-474C-A904-822A724719E1}"
EndProject
Global
	GlobalSection(SolutionConfigurationPlatforms) = preSolution
		Debug|Any CPU = Debug|Any CPU
		Release|Any CPU = Release|Any CPU
	EndGlobalSection
	GlobalSection(ProjectConfigurationPlatforms) = postSolution
		{A7669C86-4818-4C22-B425-DBB29FDD5E83}.Debug|Any CPU.ActiveCfg = Debug|Any CPU
		{A7669C86-4818-4C22-B425-DBB29FDD5E83}.Debug|Any CPU.Build.0 = Debug|Any CPU
		{A7669C86-4818-4C22-B425-DBB29FDD5E83}.Release|Any CPU.ActiveCfg = Release|Any CPU
		{A7669C86-4818-4C22-B425-DBB29FDD5E83}.Release|Any CPU.Build.0 = Release|Any CPU
		{B93D768C-75C4-474C-A904-822A724719E1}.Debug|Any CPU.ActiveCfg = Debug|Any CPU
		{B93D768C-75C4-474C-A904-822A724719E1}.Debug|Any CPU.Build.0 = Debug|Any CPU
		{B93D768C-75C4-474C-A904-822A724719E1}.Release|Any CPU.ActiveCfg = Release|Any CPU
		{B93D768C-75C4-474C-A904-822A724719E1}.Release|Any CPU.Build.0 = Release|Any CPU
	EndGlobalSection
	GlobalSection(SolutionProperties) = preSolution
		HideSolutionNode = FALSE
	EndGlobalSection
EndGlobal
